// !$*UTF8*$!
{
	archiveVersion = 1;
	classes = {
	};
	objectVersion = 50;
	objects = {

/* Begin PBXBuildFile section */
		6D22E9D921AA8AAF00609A86 /* AppDelegate.swift in Sources */ = {isa = PBXBuildFile; fileRef = 6D22E9D821AA8AAF00609A86 /* AppDelegate.swift */; };
		6D22E9DE21AA8AAF00609A86 /* Main.storyboard in Resources */ = {isa = PBXBuildFile; fileRef = 6D22E9DC21AA8AAF00609A86 /* Main.storyboard */; };
		6D22E9E021AA8AB000609A86 /* Assets.xcassets in Resources */ = {isa = PBXBuildFile; fileRef = 6D22E9DF21AA8AB000609A86 /* Assets.xcassets */; };
		6D22E9E321AA8AB000609A86 /* LaunchScreen.storyboard in Resources */ = {isa = PBXBuildFile; fileRef = 6D22E9E121AA8AB000609A86 /* LaunchScreen.storyboard */; };
		6D22E9EE21AA8AB000609A86 /* MVPDemoSwiftTests.swift in Sources */ = {isa = PBXBuildFile; fileRef = 6D22E9ED21AA8AB000609A86 /* MVPDemoSwiftTests.swift */; };
		6D22E9F921AA8AB000609A86 /* MVPDemoSwiftUITests.swift in Sources */ = {isa = PBXBuildFile; fileRef = 6D22E9F821AA8AB000609A86 /* MVPDemoSwiftUITests.swift */; };
		6D22EA0A21AA8B3B00609A86 /* MyGithub.swift in Sources */ = {isa = PBXBuildFile; fileRef = 6D22EA0921AA8B3B00609A86 /* MyGithub.swift */; };
		6D22EA0C21AA8BA500609A86 /* RegistrationPresenter.swift in Sources */ = {isa = PBXBuildFile; fileRef = 6D22EA0B21AA8BA500609A86 /* RegistrationPresenter.swift */; };
		6D22EA0E21AA8BDF00609A86 /* GithubPresenter.swift in Sources */ = {isa = PBXBuildFile; fileRef = 6D22EA0D21AA8BDF00609A86 /* GithubPresenter.swift */; };
		6D22EA1021AA928800609A86 /* RegistrationController.swift in Sources */ = {isa = PBXBuildFile; fileRef = 6D22EA0F21AA928800609A86 /* RegistrationController.swift */; };
		6D22EA1221AA92A500609A86 /* GithubController.swift in Sources */ = {isa = PBXBuildFile; fileRef = 6D22EA1121AA92A500609A86 /* GithubController.swift */; };
/* End PBXBuildFile section */

/* Begin PBXContainerItemProxy section */
		6D22E9EA21AA8AB000609A86 /* PBXContainerItemProxy */ = {
			isa = PBXContainerItemProxy;
			containerPortal = 6D22E9CD21AA8AAF00609A86 /* Project object */;
			proxyType = 1;
			remoteGlobalIDString = 6D22E9D421AA8AAF00609A86;
			remoteInfo = MVPDemoSwift;
		};
		6D22E9F521AA8AB000609A86 /* PBXContainerItemProxy */ = {
			isa = PBXContainerItemProxy;
			containerPortal = 6D22E9CD21AA8AAF00609A86 /* Project object */;
			proxyType = 1;
			remoteGlobalIDString = 6D22E9D421AA8AAF00609A86;
			remoteInfo = MVPDemoSwift;
		};
/* End PBXContainerItemProxy section */

/* Begin PBXFileReference section */
		6D22E9D521AA8AAF00609A86 /* MVPDemoSwift.app */ = {isa = PBXFileReference; explicitFileType = wrapper.application; includeInIndex = 0; path = MVPDemoSwift.app; sourceTree = BUILT_PRODUCTS_DIR; };
		6D22E9D821AA8AAF00609A86 /* AppDelegate.swift */ = {isa = PBXFileReference; lastKnownFileType = sourcecode.swift; path = AppDelegate.swift; sourceTree = "<group>"; };
		6D22E9DD21AA8AAF00609A86 /* Base */ = {isa = PBXFileReference; lastKnownFileType = file.storyboard; name = Base; path = Base.lproj/Main.storyboard; sourceTree = "<group>"; };
		6D22E9DF21AA8AB000609A86 /* Assets.xcassets */ = {isa = PBXFileReference; lastKnownFileType = folder.assetcatalog; path = Assets.xcassets; sourceTree = "<group>"; };
		6D22E9E221AA8AB000609A86 /* Base */ = {isa = PBXFileReference; lastKnownFileType = file.storyboard; name = Base; path = Base.lproj/LaunchScreen.storyboard; sourceTree = "<group>"; };
		6D22E9E421AA8AB000609A86 /* Info.plist */ = {isa = PBXFileReference; lastKnownFileType = text.plist.xml; path = Info.plist; sourceTree = "<group>"; };
		6D22E9E921AA8AB000609A86 /* MVPDemoSwiftTests.xctest */ = {isa = PBXFileReference; explicitFileType = wrapper.cfbundle; includeInIndex = 0; path = MVPDemoSwiftTests.xctest; sourceTree = BUILT_PRODUCTS_DIR; };
		6D22E9ED21AA8AB000609A86 /* MVPDemoSwiftTests.swift */ = {isa = PBXFileReference; lastKnownFileType = sourcecode.swift; path = MVPDemoSwiftTests.swift; sourceTree = "<group>"; };
		6D22E9EF21AA8AB000609A86 /* Info.plist */ = {isa = PBXFileReference; lastKnownFileType = text.plist.xml; path = Info.plist; sourceTree = "<group>"; };
		6D22E9F421AA8AB000609A86 /* MVPDemoSwiftUITests.xctest */ = {isa = PBXFileReference; explicitFileType = wrapper.cfbundle; includeInIndex = 0; path = MVPDemoSwiftUITests.xctest; sourceTree = BUILT_PRODUCTS_DIR; };
		6D22E9F821AA8AB000609A86 /* MVPDemoSwiftUITests.swift */ = {isa = PBXFileReference; lastKnownFileType = sourcecode.swift; path = MVPDemoSwiftUITests.swift; sourceTree = "<group>"; };
		6D22E9FA21AA8AB000609A86 /* Info.plist */ = {isa = PBXFileReference; lastKnownFileType = text.plist.xml; path = Info.plist; sourceTree = "<group>"; };
		6D22EA0921AA8B3B00609A86 /* MyGithub.swift */ = {isa = PBXFileReference; lastKnownFileType = sourcecode.swift; path = MyGithub.swift; sourceTree = "<group>"; };
		6D22EA0B21AA8BA500609A86 /* RegistrationPresenter.swift */ = {isa = PBXFileReference; lastKnownFileType = sourcecode.swift; path = RegistrationPresenter.swift; sourceTree = "<group>"; };
		6D22EA0D21AA8BDF00609A86 /* GithubPresenter.swift */ = {isa = PBXFileReference; lastKnownFileType = sourcecode.swift; path = GithubPresenter.swift; sourceTree = "<group>"; };
		6D22EA0F21AA928800609A86 /* RegistrationController.swift */ = {isa = PBXFileReference; lastKnownFileType = sourcecode.swift; path = RegistrationController.swift; sourceTree = "<group>"; };
		6D22EA1121AA92A500609A86 /* GithubController.swift */ = {isa = PBXFileReference; lastKnownFileType = sourcecode.swift; path = GithubController.swift; sourceTree = "<group>"; };
/* End PBXFileReference section */

/* Begin PBXFrameworksBuildPhase section */
		6D22E9D221AA8AAF00609A86 /* Frameworks */ = {
			isa = PBXFrameworksBuildPhase;
			buildActionMask = 2147483647;
			files = (
			);
			runOnlyForDeploymentPostprocessing = 0;
		};
		6D22E9E621AA8AB000609A86 /* Frameworks */ = {
			isa = PBXFrameworksBuildPhase;
			buildActionMask = 2147483647;
			files = (
			);
			runOnlyForDeploymentPostprocessing = 0;
		};
		6D22E9F121AA8AB000609A86 /* Frameworks */ = {
			isa = PBXFrameworksBuildPhase;
			buildActionMask = 2147483647;
			files = (
			);
			runOnlyForDeploymentPostprocessing = 0;
		};
/* End PBXFrameworksBuildPhase section */

/* Begin PBXGroup section */
		6D22E9CC21AA8AAF00609A86 = {
			isa = PBXGroup;
			children = (
				6D22E9D721AA8AAF00609A86 /* MVPDemoSwift */,
				6D22E9EC21AA8AB000609A86 /* MVPDemoSwiftTests */,
				6D22E9F721AA8AB000609A86 /* MVPDemoSwiftUITests */,
				6D22E9D621AA8AAF00609A86 /* Products */,
			);
			sourceTree = "<group>";
		};
		6D22E9D621AA8AAF00609A86 /* Products */ = {
			isa = PBXGroup;
			children = (
				6D22E9D521AA8AAF00609A86 /* MVPDemoSwift.app */,
				6D22E9E921AA8AB000609A86 /* MVPDemoSwiftTests.xctest */,
				6D22E9F421AA8AB000609A86 /* MVPDemoSwiftUITests.xctest */,
			);
			name = Products;
			sourceTree = "<group>";
		};
		6D22E9D721AA8AAF00609A86 /* MVPDemoSwift */ = {
			isa = PBXGroup;
			children = (
				6D22E9D821AA8AAF00609A86 /* AppDelegate.swift */,
				6D22EA0621AA8AD400609A86 /* Models */,
				6D22EA0821AA8B0B00609A86 /* Views */,
				6D22EA0721AA8AF900609A86 /* Presenters */,
				6D22E9DC21AA8AAF00609A86 /* Main.storyboard */,
				6D22E9DF21AA8AB000609A86 /* Assets.xcassets */,
				6D22E9E121AA8AB000609A86 /* LaunchScreen.storyboard */,
				6D22E9E421AA8AB000609A86 /* Info.plist */,
			);
			path = MVPDemoSwift;
			sourceTree = "<group>";
		};
		6D22E9EC21AA8AB000609A86 /* MVPDemoSwiftTests */ = {
			isa = PBXGroup;
			children = (
				6D22E9ED21AA8AB000609A86 /* MVPDemoSwiftTests.swift */,
				6D22E9EF21AA8AB000609A86 /* Info.plist */,
			);
			path = MVPDemoSwiftTests;
			sourceTree = "<group>";
		};
		6D22E9F721AA8AB000609A86 /* MVPDemoSwiftUITests */ = {
			isa = PBXGroup;
			children = (
				6D22E9F821AA8AB000609A86 /* MVPDemoSwiftUITests.swift */,
				6D22E9FA21AA8AB000609A86 /* Info.plist */,
			);
			path = MVPDemoSwiftUITests;
			sourceTree = "<group>";
		};
		6D22EA0621AA8AD400609A86 /* Models */ = {
			isa = PBXGroup;
			children = (
				6D22EA0921AA8B3B00609A86 /* MyGithub.swift */,
			);
			path = Models;
			sourceTree = "<group>";
		};
		6D22EA0721AA8AF900609A86 /* Presenters */ = {
			isa = PBXGroup;
			children = (
				6D22EA0B21AA8BA500609A86 /* RegistrationPresenter.swift */,
				6D22EA0D21AA8BDF00609A86 /* GithubPresenter.swift */,
			);
			path = Presenters;
			sourceTree = "<group>";
		};
		6D22EA0821AA8B0B00609A86 /* Views */ = {
			isa = PBXGroup;
			children = (
				6D22EA0F21AA928800609A86 /* RegistrationController.swift */,
				6D22EA1121AA92A500609A86 /* GithubController.swift */,
			);
			path = Views;
			sourceTree = "<group>";
		};
/* End PBXGroup section */

/* Begin PBXNativeTarget section */
		6D22E9D421AA8AAF00609A86 /* MVPDemoSwift */ = {
			isa = PBXNativeTarget;
			buildConfigurationList = 6D22E9FD21AA8AB000609A86 /* Build configuration list for PBXNativeTarget "MVPDemoSwift" */;
			buildPhases = (
				6D22E9D121AA8AAF00609A86 /* Sources */,
				6D22E9D221AA8AAF00609A86 /* Frameworks */,
				6D22E9D321AA8AAF00609A86 /* Resources */,
			);
			buildRules = (
			);
			dependencies = (
			);
			name = MVPDemoSwift;
			productName = MVPDemoSwift;
			productReference = 6D22E9D521AA8AAF00609A86 /* MVPDemoSwift.app */;
			productType = "com.apple.product-type.application";
		};
		6D22E9E821AA8AB000609A86 /* MVPDemoSwiftTests */ = {
			isa = PBXNativeTarget;
			buildConfigurationList = 6D22EA0021AA8AB000609A86 /* Build configuration list for PBXNativeTarget "MVPDemoSwiftTests" */;
			buildPhases = (
				6D22E9E521AA8AB000609A86 /* Sources */,
				6D22E9E621AA8AB000609A86 /* Frameworks */,
				6D22E9E721AA8AB000609A86 /* Resources */,
			);
			buildRules = (
			);
			dependencies = (
				6D22E9EB21AA8AB000609A86 /* PBXTargetDependency */,
			);
			name = MVPDemoSwiftTests;
			productName = MVPDemoSwiftTests;
			productReference = 6D22E9E921AA8AB000609A86 /* MVPDemoSwiftTests.xctest */;
			productType = "com.apple.product-type.bundle.unit-test";
		};
		6D22E9F321AA8AB000609A86 /* MVPDemoSwiftUITests */ = {
			isa = PBXNativeTarget;
			buildConfigurationList = 6D22EA0321AA8AB000609A86 /* Build configuration list for PBXNativeTarget "MVPDemoSwiftUITests" */;
			buildPhases = (
				6D22E9F021AA8AB000609A86 /* Sources */,
				6D22E9F121AA8AB000609A86 /* Frameworks */,
				6D22E9F221AA8AB000609A86 /* Resources */,
			);
			buildRules = (
			);
			dependencies = (
				6D22E9F621AA8AB000609A86 /* PBXTargetDependency */,
			);
			name = MVPDemoSwiftUITests;
			productName = MVPDemoSwiftUITests;
			productReference = 6D22E9F421AA8AB000609A86 /* MVPDemoSwiftUITests.xctest */;
			productType = "com.apple.product-type.bundle.ui-testing";
		};
/* End PBXNativeTarget section */

/* Begin PBXProject section */
		6D22E9CD21AA8AAF00609A86 /* Project object */ = {
			isa = PBXProject;
			attributes = {
				LastSwiftUpdateCheck = 1000;
				LastUpgradeCheck = 1000;
				ORGANIZATIONNAME = "Md Anwar Hossain";
				TargetAttributes = {
					6D22E9D421AA8AAF00609A86 = {
						CreatedOnToolsVersion = 10.0;
					};
					6D22E9E821AA8AB000609A86 = {
						CreatedOnToolsVersion = 10.0;
						TestTargetID = 6D22E9D421AA8AAF00609A86;
					};
					6D22E9F321AA8AB000609A86 = {
						CreatedOnToolsVersion = 10.0;
						TestTargetID = 6D22E9D421AA8AAF00609A86;
					};
				};
			};
			buildConfigurationList = 6D22E9D021AA8AAF00609A86 /* Build configuration list for PBXProject "MVPDemoSwift" */;
			compatibilityVersion = "Xcode 9.3";
			developmentRegion = en;
			hasScannedForEncodings = 0;
			knownRegions = (
				en,
				Base,
			);
			mainGroup = 6D22E9CC21AA8AAF00609A86;
			productRefGroup = 6D22E9D621AA8AAF00609A86 /* Products */;
			projectDirPath = "";
			projectRoot = "";
			targets = (
				6D22E9D421AA8AAF00609A86 /* MVPDemoSwift */,
				6D22E9E821AA8AB000609A86 /* MVPDemoSwiftTests */,
				6D22E9F321AA8AB000609A86 /* MVPDemoSwiftUITests */,
			);
		};
/* End PBXProject section */

/* Begin PBXResourcesBuildPhase section */
		6D22E9D321AA8AAF00609A86 /* Resources */ = {
			isa = PBXResourcesBuildPhase;
			buildActionMask = 2147483647;
			files = (
				6D22E9E321AA8AB000609A86 /* LaunchScreen.storyboard in Resources */,
				6D22E9E021AA8AB000609A86 /* Assets.xcassets in Resources */,
				6D22E9DE21AA8AAF00609A86 /* Main.storyboard in Resources */,
			);
			runOnlyForDeploymentPostprocessing = 0;
		};
		6D22E9E721AA8AB000609A86 /* Resources */ = {
			isa = PBXResourcesBuildPhase;
			buildActionMask = 2147483647;
			files = (
			);
			runOnlyForDeploymentPostprocessing = 0;
		};
		6D22E9F221AA8AB000609A86 /* Resources */ = {
			isa = PBXResourcesBuildPhase;
			buildActionMask = 2147483647;
			files = (
			);
			runOnlyForDeploymentPostprocessing = 0;
		};
/* End PBXResourcesBuildPhase section */

/* Begin PBXSourcesBuildPhase section */
		6D22E9D121AA8AAF00609A86 /* Sources */ = {
			isa = PBXSourcesBuildPhase;
			buildActionMask = 2147483647;
			files = (
				6D22EA0A21AA8B3B00609A86 /* MyGithub.swift in Sources */,
				6D22EA0C21AA8BA500609A86 /* RegistrationPresenter.swift in Sources */,
				6D22E9D921AA8AAF00609A86 /* AppDelegate.swift in Sources */,
				6D22EA1021AA928800609A86 /* RegistrationController.swift in Sources */,
				6D22EA1221AA92A500609A86 /* GithubController.swift in Sources */,
				6D22EA0E21AA8BDF00609A86 /* GithubPresenter.swift in Sources */,
			);
			runOnlyForDeploymentPostprocessing = 0;
		};
		6D22E9E521AA8AB000609A86 /* Sources */ = {
			isa = PBXSourcesBuildPhase;
			buildActionMask = 2147483647;
			files = (
				6D22E9EE21AA8AB000609A86 /* MVPDemoSwiftTests.swift in Sources */,
			);
			runOnlyForDeploymentPostprocessing = 0;
		};
		6D22E9F021AA8AB000609A86 /* Sources */ = {
			isa = PBXSourcesBuildPhase;
			buildActionMask = 2147483647;
			files = (
				6D22E9F921AA8AB000609A86 /* MVPDemoSwiftUITests.swift in Sources */,
			);
			runOnlyForDeploymentPostprocessing = 0;
		};
/* End PBXSourcesBuildPhase section */

/* Begin PBXTargetDependency section */
		6D22E9EB21AA8AB000609A86 /* PBXTargetDependency */ = {
			isa = PBXTargetDependency;
			target = 6D22E9D421AA8AAF00609A86 /* MVPDemoSwift */;
			targetProxy = 6D22E9EA21AA8AB000609A86 /* PBXContainerItemProxy */;
		};
		6D22E9F621AA8AB000609A86 /* PBXTargetDependency */ = {
			isa = PBXTargetDependency;
			target = 6D22E9D421AA8AAF00609A86 /* MVPDemoSwift */;
			targetProxy = 6D22E9F521AA8AB000609A86 /* PBXContainerItemProxy */;
		};
/* End PBXTargetDependency section */

/* Begin PBXVariantGroup section */
		6D22E9DC21AA8AAF00609A86 /* Main.storyboard */ = {
			isa = PBXVariantGroup;
			children = (
				6D22E9DD21AA8AAF00609A86 /* Base */,
			);
			name = Main.storyboard;
			sourceTree = "<group>";
		};
		6D22E9E121AA8AB000609A86 /* LaunchScreen.storyboard */ = {
			isa = PBXVariantGroup;
			children = (
				6D22E9E221AA8AB000609A86 /* Base */,
			);
			name = LaunchScreen.storyboard;
			sourceTree = "<group>";
		};
/* End PBXVariantGroup section */

/* Begin XCBuildConfiguration section */
		6D22E9FB21AA8AB000609A86 /* Debug */ = {
			isa = XCBuildConfiguration;
			buildSettings = {
				ALWAYS_SEARCH_USER_PATHS = NO;
				CLANG_ANALYZER_NONNULL = YES;
				CLANG_ANALYZER_NUMBER_OBJECT_CONVERSION = YES_AGGRESSIVE;
				CLANG_CXX_LANGUAGE_STANDARD = "gnu++14";
				CLANG_CXX_LIBRARY = "libc++";
				CLANG_ENABLE_MODULES = YES;
				CLANG_ENABLE_OBJC_ARC = YES;
				CLANG_ENABLE_OBJC_WEAK = YES;
				CLANG_WARN_BLOCK_CAPTURE_AUTORELEASING = YES;
				CLANG_WARN_BOOL_CONVERSION = YES;
				CLANG_WARN_COMMA = YES;
				CLANG_WARN_CONSTANT_CONVERSION = YES;
				CLANG_WARN_DEPRECATED_OBJC_IMPLEMENTATIONS = YES;
				CLANG_WARN_DIRECT_OBJC_ISA_USAGE = YES_ERROR;
				CLANG_WARN_DOCUMENTATION_COMMENTS = YES;
				CLANG_WARN_EMPTY_BODY = YES;
				CLANG_WARN_ENUM_CONVERSION = YES;
				CLANG_WARN_INFINITE_RECURSION = YES;
				CLANG_WARN_INT_CONVERSION = YES;
				CLANG_WARN_NON_LITERAL_NULL_CONVERSION = YES;
				CLANG_WARN_OBJC_IMPLICIT_RETAIN_SELF = YES;
				CLANG_WARN_OBJC_LITERAL_CONVERSION = YES;
				CLANG_WARN_OBJC_ROOT_CLASS = YES_ERROR;
				CLANG_WARN_RANGE_LOOP_ANALYSIS = YES;
				CLANG_WARN_STRICT_PROTOTYPES = YES;
				CLANG_WARN_SUSPICIOUS_MOVE = YES;
				CLANG_WARN_UNGUARDED_AVAILABILITY = YES_AGGRESSIVE;
				CLANG_WARN_UNREACHABLE_CODE = YES;
				CLANG_WARN__DUPLICATE_METHOD_MATCH = YES;
				CODE_SIGN_IDENTITY = "iPhone Developer";
				COPY_PHASE_STRIP = NO;
				DEBUG_INFORMATION_FORMAT = dwarf;
				ENABLE_STRICT_OBJC_MSGSEND = YES;
				ENABLE_TESTABILITY = YES;
				GCC_C_LANGUAGE_STANDARD = gnu11;
				GCC_DYNAMIC_NO_PIC = NO;
				GCC_NO_COMMON_BLOCKS = YES;
				GCC_OPTIMIZATION_LEVEL = 0;
				GCC_PREPROCESSOR_DEFINITIONS = (
					"DEBUG=1",
					"$(inherited)",
				);
				GCC_WARN_64_TO_32_BIT_CONVERSION = YES;
				GCC_WARN_ABOUT_RETURN_TYPE = YES_ERROR;
				GCC_WARN_UNDECLARED_SELECTOR = YES;
				GCC_WARN_UNINITIALIZED_AUTOS = YES_AGGRESSIVE;
				GCC_WARN_UNUSED_FUNCTION = YES;
				GCC_WARN_UNUSED_VARIABLE = YES;
				IPHONEOS_DEPLOYMENT_TARGET = 12.0;
				MTL_ENABLE_DEBUG_INFO = INCLUDE_SOURCE;
				MTL_FAST_MATH = YES;
				ONLY_ACTIVE_ARCH = YES;
				SDKROOT = iphoneos;
				SWIFT_ACTIVE_COMPILATION_CONDITIONS = DEBUG;
				SWIFT_OPTIMIZATION_LEVEL = "-Onone";
			};
			name = Debug;
		};
		6D22E9FC21AA8AB000609A86 /* Release */ = {
			isa = XCBuildConfiguration;
			buildSettings = {
				ALWAYS_SEARCH_USER_PATHS = NO;
				CLANG_ANALYZER_NONNULL = YES;
				CLANG_ANALYZER_NUMBER_OBJECT_CONVERSION = YES_AGGRESSIVE;
				CLANG_CXX_LANGUAGE_STANDARD = "gnu++14";
				CLANG_CXX_LIBRARY = "libc++";
				CLANG_ENABLE_MODULES = YES;
				CLANG_ENABLE_OBJC_ARC = YES;
				CLANG_ENABLE_OBJC_WEAK = YES;
				CLANG_WARN_BLOCK_CAPTURE_AUTORELEASING = YES;
				CLANG_WARN_BOOL_CONVERSION = YES;
				CLANG_WARN_COMMA = YES;
				CLANG_WARN_CONSTANT_CONVERSION = YES;
				CLANG_WARN_DEPRECATED_OBJC_IMPLEMENTATIONS = YES;
				CLANG_WARN_DIRECT_OBJC_ISA_USAGE = YES_ERROR;
				CLANG_WARN_DOCUMENTATION_COMMENTS = YES;
				CLANG_WARN_EMPTY_BODY = YES;
				CLANG_WARN_ENUM_CONVERSION = YES;
				CLANG_WARN_INFINITE_RECURSION = YES;
				CLANG_WARN_INT_CONVERSION = YES;
				CLANG_WARN_NON_LITERAL_NULL_CONVERSION = YES;
				CLANG_WARN_OBJC_IMPLICIT_RETAIN_SELF = YES;
				CLANG_WARN_OBJC_LITERAL_CONVERSION = YES;
				CLANG_WARN_OBJC_ROOT_CLASS = YES_ERROR;
				CLANG_WARN_RANGE_LOOP_ANALYSIS = YES;
				CLANG_WARN_STRICT_PROTOTYPES = YES;
				CLANG_WARN_SUSPICIOUS_MOVE = YES;
				CLANG_WARN_UNGUARDED_AVAILABILITY = YES_AGGRESSIVE;
				CLANG_WARN_UNREACHABLE_CODE = YES;
				CLANG_WARN__DUPLICATE_METHOD_MATCH = YES;
				CODE_SIGN_IDENTITY = "iPhone Developer";
				COPY_PHASE_STRIP = NO;
				DEBUG_INFORMATION_FORMAT = "dwarf-with-dsym";
				ENABLE_NS_ASSERTIONS = NO;
				ENABLE_STRICT_OBJC_MSGSEND = YES;
				GCC_C_LANGUAGE_STANDARD = gnu11;
				GCC_NO_COMMON_BLOCKS = YES;
				GCC_WARN_64_TO_32_BIT_CONVERSION = YES;
				GCC_WARN_ABOUT_RETURN_TYPE = YES_ERROR;
				GCC_WARN_UNDECLARED_SELECTOR = YES;
				GCC_WARN_UNINITIALIZED_AUTOS = YES_AGGRESSIVE;
				GCC_WARN_UNUSED_FUNCTION = YES;
				GCC_WARN_UNUSED_VARIABLE = YES;
				IPHONEOS_DEPLOYMENT_TARGET = 12.0;
				MTL_ENABLE_DEBUG_INFO = NO;
				MTL_FAST_MATH = YES;
				SDKROOT = iphoneos;
				SWIFT_COMPILATION_MODE = wholemodule;
				SWIFT_OPTIMIZATION_LEVEL = "-O";
				VALIDATE_PRODUCT = YES;
			};
			name = Release;
		};
		6D22E9FE21AA8AB000609A86 /* Debug */ = {
			isa = XCBuildConfiguration;
			buildSettings = {
				ASSETCATALOG_COMPILER_APPICON_NAME = AppIcon;
				CODE_SIGN_STYLE = Automatic;
				INFOPLIST_FILE = MVPDemoSwift/Info.plist;
				LD_RUNPATH_SEARCH_PATHS = (
					"$(inherited)",
					"@executable_path/Frameworks",
				);
				PRODUCT_BUNDLE_IDENTIFIER = com.japanmnc.MVPDemoSwift;
				PRODUCT_NAME = "$(TARGET_NAME)";
				SWIFT_VERSION = 4.2;
				TARGETED_DEVICE_FAMILY = "1,2";
			};
			name = Debug;
		};
		6D22E9FF21AA8AB000609A86 /* Release */ = {
			isa = XCBuildConfiguration;
			buildSettings = {
				ASSETCATALOG_COMPILER_APPICON_NAME = AppIcon;
				CODE_SIGN_STYLE = Automatic;
				INFOPLIST_FILE = MVPDemoSwift/Info.plist;
				LD_RUNPATH_SEARCH_PATHS = (
					"$(inherited)",
					"@executable_path/Frameworks",
				);
				PRODUCT_BUNDLE_IDENTIFIER = com.japanmnc.MVPDemoSwift;
				PRODUCT_NAME = "$(TARGET_NAME)";
				SWIFT_VERSION = 4.2;
				TARGETED_DEVICE_FAMILY = "1,2";
			};
			name = Release;
		};
		6D22EA0121AA8AB000609A86 /* Debug */ = {
			isa = XCBuildConfiguration;
			buildSettings = {
				ALWAYS_EMBED_SWIFT_STANDARD_LIBRARIES = YES;
				BUNDLE_LOADER = "$(TEST_HOST)";
				CODE_SIGN_STYLE = Automatic;
				INFOPLIST_FILE = MVPDemoSwiftTests/Info.plist;
				LD_RUNPATH_SEARCH_PATHS = (
					"$(inherited)",
					"@executable_path/Frameworks",
					"@loader_path/Frameworks",
				);
				PRODUCT_BUNDLE_IDENTIFIER = com.japanmnc.MVPDemoSwiftTests;
				PRODUCT_NAME = "$(TARGET_NAME)";
				SWIFT_VERSION = 4.2;
				TARGETED_DEVICE_FAMILY = "1,2";
				TEST_HOST = "$(BUILT_PRODUCTS_DIR)/MVPDemoSwift.app/MVPDemoSwift";
			};
			name = Debug;
		};
		6D22EA0221AA8AB000609A86 /* Release */ = {
			isa = XCBuildConfiguration;
			buildSettings = {
				ALWAYS_EMBED_SWIFT_STANDARD_LIBRARIES = YES;
				BUNDLE_LOADER = "$(TEST_HOST)";
				CODE_SIGN_STYLE = Automatic;
				INFOPLIST_FILE = MVPDemoSwiftTests/Info.plist;
				LD_RUNPATH_SEARCH_PATHS = (
					"$(inherited)",
					"@executable_path/Frameworks",
					"@loader_path/Frameworks",
				);
				PRODUCT_BUNDLE_IDENTIFIER = com.japanmnc.MVPDemoSwiftTests;
				PRODUCT_NAME = "$(TARGET_NAME)";
				SWIFT_VERSION = 4.2;
				TARGETED_DEVICE_FAMILY = "1,2";
				TEST_HOST = "$(BUILT_PRODUCTS_DIR)/MVPDemoSwift.app/MVPDemoSwift";
			};
			name = Release;
		};
		6D22EA0421AA8AB000609A86 /* Debug */ = {
			isa = XCBuildConfiguration;
			buildSettings = {
				ALWAYS_EMBED_SWIFT_STANDARD_LIBRARIES = YES;
				CODE_SIGN_STYLE = Automatic;
				INFOPLIST_FILE = MVPDemoSwiftUITests/Info.plist;
				LD_RUNPATH_SEARCH_PATHS = (
					"$(inherited)",
					"@executable_path/Frameworks",
					"@loader_path/Frameworks",
				);
				PRODUCT_BUNDLE_IDENTIFIER = com.japanmnc.MVPDemoSwiftUITests;
				PRODUCT_NAME = "$(TARGET_NAME)";
				SWIFT_VERSION = 4.2;
				TARGETED_DEVICE_FAMILY = "1,2";
				TEST_TARGET_NAME = MVPDemoSwift;
			};
			name = Debug;
		};
		6D22EA0521AA8AB000609A86 /* Release */ = {
			isa = XCBuildConfiguration;
			buildSettings = {
				ALWAYS_EMBED_SWIFT_STANDARD_LIBRARIES = YES;
				CODE_SIGN_STYLE = Automatic;
				INFOPLIST_FILE = MVPDemoSwiftUITests/Info.plist;
				LD_RUNPATH_SEARCH_PATHS = (
					"$(inherited)",
					"@executable_path/Frameworks",
					"@loader_path/Frameworks",
				);
				PRODUCT_BUNDLE_IDENTIFIER = com.japanmnc.MVPDemoSwiftUITests;
				PRODUCT_NAME = "$(TARGET_NAME)";
				SWIFT_VERSION = 4.2;
				TARGETED_DEVICE_FAMILY = "1,2";
				TEST_TARGET_NAME = MVPDemoSwift;
			};
			name = Release;
		};
/* End XCBuildConfiguration section */

/* Begin XCConfigurationList section */
		6D22E9D021AA8AAF00609A86 /* Build configuration list for PBXProject "MVPDemoSwift" */ = {
			isa = XCConfigurationList;
			buildConfigurations = (
				6D22E9FB21AA8AB000609A86 /* Debug */,
				6D22E9FC21AA8AB000609A86 /* Release */,
			);
			defaultConfigurationIsVisible = 0;
			defaultConfigurationName = Release;
		};
		6D22E9FD21AA8AB000609A86 /* Build configuration list for PBXNativeTarget "MVPDemoSwift" */ = {
			isa = XCConfigurationList;
			buildConfigurations = (
				6D22E9FE21AA8AB000609A86 /* Debug */,
				6D22E9FF21AA8AB000609A86 /* Release */,
			);
			defaultConfigurationIsVisible = 0;
			defaultConfigurationName = Release;
		};
		6D22EA0021AA8AB000609A86 /* Build configuration list for PBXNativeTarget "MVPDemoSwiftTests" */ = {
			isa = XCConfigurationList;
			buildConfigurations = (
				6D22EA0121AA8AB000609A86 /* Debug */,
				6D22EA0221AA8AB000609A86 /* Release */,
			);
			defaultConfigurationIsVisible = 0;
			defaultConfigurationName = Release;
		};
		6D22EA0321AA8AB000609A86 /* Build configuration list for PBXNativeTarget "MVPDemoSwiftUITests" */ = {
			isa = XCConfigurationList;
			buildConfigurations = (
				6D22EA0421AA8AB000609A86 /* Debug */,
				6D22EA0521AA8AB000609A86 /* Release */,
			);
			defaultConfigurationIsVisible = 0;
			defaultConfigurationName = Release;
		};
/* End XCConfigurationList section */
	};
	rootObject = 6D22E9CD21AA8AAF00609A86 /* Project object */;
}
